
Microsoft Visual Studio Solution File, Format Version 12.00
# Visual Studio Version 17
VisualStudioVersion = 17.8.34511.84
MinimumVisualStudioVersion = 10.0.40219.1
Project("{FAE04EC0-301F-11D3-BF4B-00C04F79EFBC}") = "muZilla", "muZilla\muZilla.csproj", "{E9011CBD-976B-4512-AD6C-A249074EEF10}"
EndProject
Global
	GlobalSection(SolutionConfigurationPlatforms) = preSolution
		Debug|Any CPU = Debug|Any CPU
		Release|Any CPU = Release|Any CPU
	EndGlobalSection
	GlobalSection(ProjectConfigurationPlatforms) = postSolution
		{E9011CBD-976B-4512-AD6C-A249074EEF10}.Debug|Any CPU.ActiveCfg = Debug|Any CPU
		{E9011CBD-976B-4512-AD6C-A249074EEF10}.Debug|Any CPU.Build.0 = Debug|Any CPU
		{E9011CBD-976B-4512-AD6C-A249074EEF10}.Release|Any CPU.ActiveCfg = Release|Any CPU
		{E9011CBD-976B-4512-AD6C-A249074EEF10}.Release|Any CPU.Build.0 = Release|Any CPU
	EndGlobalSection
	GlobalSection(SolutionProperties) = preSolution
		HideSolutionNode = FALSE
	EndGlobalSection
	GlobalSection(ExtensibilityGlobals) = postSolution
		SolutionGuid = {A302B196-559D-4C9E-A980-85A30C79BCFB}
	EndGlobalSection
EndGlobal
